Microsoft Visual Studio Solution File, Format Version 12.00
# Visual Studio 15
VisualStudioVersion = 15.0.26430.6
MinimumVisualStudioVersion = 15.0.26124.0
Project("{9A19103F-16F7-4668-BE54-9A1E7A4F7556}") = "CsProjUpgrader.Core", "CsProjUpgrader.Core\CsProjUpgrader.Core.csproj", "{F6882E31-3CE8-4C73-A439-983ADF435435}"
EndProject
Project("{9A19103F-16F7-4668-BE54-9A1E7A4F7556}") = "CsProjUpgrader.Host", "CsProjUpgrader.Host\CsProjUpgrader.Host.csproj", "{117BCB8C-2F56-4745-A179-D12D420E7F3E}"
EndProject
Project("{9A19103F-16F7-4668-BE54-9A1E7A4F7556}") = "CsProjUpgrader.Tests", "CsProjUpgrader.Tests\CsProjUpgrader.Tests.csproj", "{43EB80FD-7AE0-46D5-9F78-C05F4B0CF166}"
EndProject
Global
	GlobalSection(SolutionConfigurationPlatforms) = preSolution
		Debug|Any CPU = Debug|Any CPU
		Debug|x64 = Debug|x64
		Debug|x86 = Debug|x86
		Release|Any CPU = Release|Any CPU
		Release|x64 = Release|x64
		Release|x86 = Release|x86
	EndGlobalSection
	GlobalSection(ProjectConfigurationPlatforms) = postSolution
		{F6882E31-3CE8-4C73-A439-983ADF435435}.Debug|Any CPU.ActiveCfg = Debug|Any CPU
		{F6882E31-3CE8-4C73-A439-983ADF435435}.Debug|Any CPU.Build.0 = Debug|Any CPU
		{F6882E31-3CE8-4C73-A439-983ADF435435}.Debug|x64.ActiveCfg = Debug|Any CPU
		{F6882E31-3CE8-4C73-A439-983ADF435435}.Debug|x64.Build.0 = Debug|Any CPU
		{F6882E31-3CE8-4C73-A439-983ADF435435}.Debug|x86.ActiveCfg = Debug|Any CPU
		{F6882E31-3CE8-4C73-A439-983ADF435435}.Debug|x86.Build.0 = Debug|Any CPU
		{F6882E31-3CE8-4C73-A439-983ADF435435}.Release|Any CPU.ActiveCfg = Release|Any CPU
		{F6882E31-3CE8-4C73-A439-983ADF435435}.Release|Any CPU.Build.0 = Release|Any CPU
		{F6882E31-3CE8-4C73-A439-983ADF435435}.Release|x64.ActiveCfg = Release|Any CPU
		{F6882E31-3CE8-4C73-A439-983ADF435435}.Release|x64.Build.0 = Release|Any CPU
		{F6882E31-3CE8-4C73-A439-983ADF435435}.Release|x86.ActiveCfg = Release|Any CPU
		{F6882E31-3CE8-4C73-A439-983ADF435435}.Release|x86.Build.0 = Release|Any CPU
		{117BCB8C-2F56-4745-A179-D12D420E7F3E}.Debug|Any CPU.ActiveCfg = Debug|Any CPU
		{117BCB8C-2F56-4745-A179-D12D420E7F3E}.Debug|Any CPU.Build.0 = Debug|Any CPU
		{117BCB8C-2F56-4745-A179-D12D420E7F3E}.Debug|x64.ActiveCfg = Debug|Any CPU
		{117BCB8C-2F56-4745-A179-D12D420E7F3E}.Debug|x64.Build.0 = Debug|Any CPU
		{117BCB8C-2F56-4745-A179-D12D420E7F3E}.Debug|x86.ActiveCfg = Debug|Any CPU
		{117BCB8C-2F56-4745-A179-D12D420E7F3E}.Debug|x86.Build.0 = Debug|Any CPU
		{117BCB8C-2F56-4745-A179-D12D420E7F3E}.Release|Any CPU.ActiveCfg = Release|Any CPU
		{117BCB8C-2F56-4745-A179-D12D420E7F3E}.Release|Any CPU.Build.0 = Release|Any CPU
		{117BCB8C-2F56-4745-A179-D12D420E7F3E}.Release|x64.ActiveCfg = Release|Any CPU
		{117BCB8C-2F56-4745-A179-D12D420E7F3E}.Release|x64.Build.0 = Release|Any CPU
		{117BCB8C-2F56-4745-A179-D12D420E7F3E}.Release|x86.ActiveCfg = Release|Any CPU
		{117BCB8C-2F56-4745-A179-D12D420E7F3E}.Release|x86.Build.0 = Release|Any CPU
		{43EB80FD-7AE0-46D5-9F78-C05F4B0CF166}.Debug|Any CPU.ActiveCfg = Debug|Any CPU
		{43EB80FD-7AE0-46D5-9F78-C05F4B0CF166}.Debug|Any CPU.Build.0 = Debug|Any CPU
		{43EB80FD-7AE0-46D5-9F78-C05F4B0CF166}.Debug|x64.ActiveCfg = Debug|Any CPU
		{43EB80FD-7AE0-46D5-9F78-C05F4B0CF166}.Debug|x64.Build.0 = Debug|Any CPU
		{43EB80FD-7AE0-46D5-9F78-C05F4B0CF166}.Debug|x86.ActiveCfg = Debug|Any CPU
		{43EB80FD-7AE0-46D5-9F78-C05F4B0CF166}.Debug|x86.Build.0 = Debug|Any CPU
		{43EB80FD-7AE0-46D5-9F78-C05F4B0CF166}.Release|Any CPU.ActiveCfg = Release|Any CPU
		{43EB80FD-7AE0-46D5-9F78-C05F4B0CF166}.Release|Any CPU.Build.0 = Release|Any CPU
		{43EB80FD-7AE0-46D5-9F78-C05F4B0CF166}.Release|x64.ActiveCfg = Release|Any CPU
		{43EB80FD-7AE0-46D5-9F78-C05F4B0CF166}.Release|x64.Build.0 = Release|Any CPU
		{43EB80FD-7AE0-46D5-9F78-C05F4B0CF166}.Release|x86.ActiveCfg = Release|Any CPU
		{43EB80FD-7AE0-46D5-9F78-C05F4B0CF166}.Release|x86.Build.0 = Release|Any CPU
	EndGlobalSection
	GlobalSection(SolutionProperties) = preSolution
		HideSolutionNode = FALSE
	EndGlobalSection
EndGlobal
